
Microsoft Visual Studio Solution File, Format Version 12.00
# Visual Studio 15
Project("{FAE04EC0-301F-11D3-BF4B-00C04F79EFBC}") = "SimpleWebTransport", "SimpleWebTransport.csproj", "{F2D90CC8-0E90-BB62-AD55-F69A5EAAAAF4}"
EndProject
Project("{FAE04EC0-301F-11D3-BF4B-00C04F79EFBC}") = "Mirror", "Mirror.csproj", "{A96B35D5-C077-718A-B094-50E477CB9274}"
EndProject
Project("{FAE04EC0-301F-11D3-BF4B-00C04F79EFBC}") = "Telepathy", "Telepathy.csproj", "{C03178E4-D707-5D7D-A2C1-7B9D0EF5ED9A}"
EndProject
Project("{FAE04EC0-301F-11D3-BF4B-00C04F79EFBC}") = "Assembly-CSharp", "Assembly-CSharp.csproj", "{A1B158FA-0ECC-2E93-7980-35AACEF009E7}"
EndProject
Project("{FAE04EC0-301F-11D3-BF4B-00C04F79EFBC}") = "Mirror.Cloud", "Mirror.Cloud.csproj", "{4A5ECC0A-A01F-48EC-2308-8CA5015E4B6F}"
EndProject
Project("{FAE04EC0-301F-11D3-BF4B-00C04F79EFBC}") = "Mirror.Components", "Mirror.Components.csproj", "{B1F64078-2FB3-83CF-8521-59C69A153E69}"
EndProject
Project("{FAE04EC0-301F-11D3-BF4B-00C04F79EFBC}") = "Mirror.Examples", "Mirror.Examples.csproj", "{6115A7C5-2C51-CD00-D9A0-078FD168FC7A}"
EndProject
Project("{FAE04EC0-301F-11D3-BF4B-00C04F79EFBC}") = "Mirror.Examples.Cloud.GUI", "Mirror.Examples.Cloud.GUI.csproj", "{5D23A12A-5B44-D94F-BF44-006E2A3ADC85}"
EndProject
Project("{FAE04EC0-301F-11D3-BF4B-00C04F79EFBC}") = "kcp2k", "kcp2k.csproj", "{92A0929D-877F-C795-3784-AD034A919408}"
EndProject
Project("{FAE04EC0-301F-11D3-BF4B-00C04F79EFBC}") = "Mirror.Examples.Cloud.Pong", "Mirror.Examples.Cloud.Pong.csproj", "{24E1641A-D432-B219-3414-FB5D07488286}"
EndProject
Project("{FAE04EC0-301F-11D3-BF4B-00C04F79EFBC}") = "Mirror.Authenticators", "Mirror.Authenticators.csproj", "{E4FF43CC-12E7-8339-6E4D-D694366DA45F}"
EndProject
Project("{FAE04EC0-301F-11D3-BF4B-00C04F79EFBC}") = "Mirror.example.RigidbodyPhysics", "Mirror.example.RigidbodyPhysics.csproj", "{C03585BB-9D03-E98D-71EE-E6802EBB5751}"
EndProject
Project("{FAE04EC0-301F-11D3-BF4B-00C04F79EFBC}") = "Mirror.Weaver", "Mirror.Weaver.csproj", "{F3A1D097-A45F-9F2E-3D67-4D6136925E53}"
EndProject
Project("{FAE04EC0-301F-11D3-BF4B-00C04F79EFBC}") = "Mirror.Editor", "Mirror.Editor.csproj", "{4D42E903-A5DA-9752-E798-892B6048398F}"
EndProject
Project("{FAE04EC0-301F-11D3-BF4B-00C04F79EFBC}") = "ParrelSync", "ParrelSync.csproj", "{70624517-4CCC-DBC5-A583-7899EED0D4B5}"
EndProject
Project("{FAE04EC0-301F-11D3-BF4B-00C04F79EFBC}") = "Mirror.CompilerSymbols", "Mirror.CompilerSymbols.csproj", "{1BAC7A59-67D7-A683-0EA1-C47D8F6B8682}"
EndProject
Global
	GlobalSection(SolutionConfigurationPlatforms) = preSolution
		Debug|Any CPU = Debug|Any CPU
		Release|Any CPU = Release|Any CPU
	EndGlobalSection
	GlobalSection(ProjectConfigurationPlatforms) = postSolution
		{F2D90CC8-0E90-BB62-AD55-F69A5EAAAAF4}.Debug|Any CPU.ActiveCfg = Debug|Any CPU
		{F2D90CC8-0E90-BB62-AD55-F69A5EAAAAF4}.Debug|Any CPU.Build.0 = Debug|Any CPU
		{F2D90CC8-0E90-BB62-AD55-F69A5EAAAAF4}.Release|Any CPU.ActiveCfg = Release|Any CPU
		{F2D90CC8-0E90-BB62-AD55-F69A5EAAAAF4}.Release|Any CPU.Build.0 = Release|Any CPU
		{A96B35D5-C077-718A-B094-50E477CB9274}.Debug|Any CPU.ActiveCfg = Debug|Any CPU
		{A96B35D5-C077-718A-B094-50E477CB9274}.Debug|Any CPU.Build.0 = Debug|Any CPU
		{A96B35D5-C077-718A-B094-50E477CB9274}.Release|Any CPU.ActiveCfg = Release|Any CPU
		{A96B35D5-C077-718A-B094-50E477CB9274}.Release|Any CPU.Build.0 = Release|Any CPU
		{C03178E4-D707-5D7D-A2C1-7B9D0EF5ED9A}.Debug|Any CPU.ActiveCfg = Debug|Any CPU
		{C03178E4-D707-5D7D-A2C1-7B9D0EF5ED9A}.Debug|Any CPU.Build.0 = Debug|Any CPU
		{C03178E4-D707-5D7D-A2C1-7B9D0EF5ED9A}.Release|Any CPU.ActiveCfg = Release|Any CPU
		{C03178E4-D707-5D7D-A2C1-7B9D0EF5ED9A}.Release|Any CPU.Build.0 = Release|Any CPU
		{A1B158FA-0ECC-2E93-7980-35AACEF009E7}.Debug|Any CPU.ActiveCfg = Debug|Any CPU
		{A1B158FA-0ECC-2E93-7980-35AACEF009E7}.Debug|Any CPU.Build.0 = Debug|Any CPU
		{A1B158FA-0ECC-2E93-7980-35AACEF009E7}.Release|Any CPU.ActiveCfg = Release|Any CPU
		{A1B158FA-0ECC-2E93-7980-35AACEF009E7}.Release|Any CPU.Build.0 = Release|Any CPU
		{4A5ECC0A-A01F-48EC-2308-8CA5015E4B6F}.Debug|Any CPU.ActiveCfg = Debug|Any CPU
		{4A5ECC0A-A01F-48EC-2308-8CA5015E4B6F}.Debug|Any CPU.Build.0 = Debug|Any CPU
		{4A5ECC0A-A01F-48EC-2308-8CA5015E4B6F}.Release|Any CPU.ActiveCfg = Release|Any CPU
		{4A5ECC0A-A01F-48EC-2308-8CA5015E4B6F}.Release|Any CPU.Build.0 = Release|Any CPU
		{B1F64078-2FB3-83CF-8521-59C69A153E69}.Debug|Any CPU.ActiveCfg = Debug|Any CPU
		{B1F64078-2FB3-83CF-8521-59C69A153E69}.Debug|Any CPU.Build.0 = Debug|Any CPU
		{B1F64078-2FB3-83CF-8521-59C69A153E69}.Release|Any CPU.ActiveCfg = Release|Any CPU
		{B1F64078-2FB3-83CF-8521-59C69A153E69}.Release|Any CPU.Build.0 = Release|Any CPU
		{6115A7C5-2C51-CD00-D9A0-078FD168FC7A}.Debug|Any CPU.ActiveCfg = Debug|Any CPU
		{6115A7C5-2C51-CD00-D9A0-078FD168FC7A}.Debug|Any CPU.Build.0 = Debug|Any CPU
		{6115A7C5-2C51-CD00-D9A0-078FD168FC7A}.Release|Any CPU.ActiveCfg = Release|Any CPU
		{6115A7C5-2C51-CD00-D9A0-078FD168FC7A}.Release|Any CPU.Build.0 = Release|Any CPU
		{5D23A12A-5B44-D94F-BF44-006E2A3ADC85}.Debug|Any CPU.ActiveCfg = Debug|Any CPU
		{5D23A12A-5B44-D94F-BF44-006E2A3ADC85}.Debug|Any CPU.Build.0 = Debug|Any CPU
		{5D23A12A-5B44-D94F-BF44-006E2A3ADC85}.Release|Any CPU.ActiveCfg = Release|Any CPU
		{5D23A12A-5B44-D94F-BF44-006E2A3ADC85}.Release|Any CPU.Build.0 = Release|Any CPU
		{92A0929D-877F-C795-3784-AD034A919408}.Debug|Any CPU.ActiveCfg = Debug|Any CPU
		{92A0929D-877F-C795-3784-AD034A919408}.Debug|Any CPU.Build.0 = Debug|Any CPU
		{92A0929D-877F-C795-3784-AD034A919408}.Release|Any CPU.ActiveCfg = Release|Any CPU
		{92A0929D-877F-C795-3784-AD034A919408}.Release|Any CPU.Build.0 = Release|Any CPU
		{24E1641A-D432-B219-3414-FB5D07488286}.Debug|Any CPU.ActiveCfg = Debug|Any CPU
		{24E1641A-D432-B219-3414-FB5D07488286}.Debug|Any CPU.Build.0 = Debug|Any CPU
		{24E1641A-D432-B219-3414-FB5D07488286}.Release|Any CPU.ActiveCfg = Release|Any CPU
		{24E1641A-D432-B219-3414-FB5D07488286}.Release|Any CPU.Build.0 = Release|Any CPU
		{E4FF43CC-12E7-8339-6E4D-D694366DA45F}.Debug|Any CPU.ActiveCfg = Debug|Any CPU
		{E4FF43CC-12E7-8339-6E4D-D694366DA45F}.Debug|Any CPU.Build.0 = Debug|Any CPU
		{E4FF43CC-12E7-8339-6E4D-D694366DA45F}.Release|Any CPU.ActiveCfg = Release|Any CPU
		{E4FF43CC-12E7-8339-6E4D-D694366DA45F}.Release|Any CPU.Build.0 = Release|Any CPU
		{C03585BB-9D03-E98D-71EE-E6802EBB5751}.Debug|Any CPU.ActiveCfg = Debug|Any CPU
		{C03585BB-9D03-E98D-71EE-E6802EBB5751}.Debug|Any CPU.Build.0 = Debug|Any CPU
		{C03585BB-9D03-E98D-71EE-E6802EBB5751}.Release|Any CPU.ActiveCfg = Release|Any CPU
		{C03585BB-9D03-E98D-71EE-E6802EBB5751}.Release|Any CPU.Build.0 = Release|Any CPU
		{F3A1D097-A45F-9F2E-3D67-4D6136925E53}.Debug|Any CPU.ActiveCfg = Debug|Any CPU
		{F3A1D097-A45F-9F2E-3D67-4D6136925E53}.Debug|Any CPU.Build.0 = Debug|Any CPU
		{F3A1D097-A45F-9F2E-3D67-4D6136925E53}.Release|Any CPU.ActiveCfg = Release|Any CPU
		{F3A1D097-A45F-9F2E-3D67-4D6136925E53}.Release|Any CPU.Build.0 = Release|Any CPU
		{4D42E903-A5DA-9752-E798-892B6048398F}.Debug|Any CPU.ActiveCfg = Debug|Any CPU
		{4D42E903-A5DA-9752-E798-892B6048398F}.Debug|Any CPU.Build.0 = Debug|Any CPU
		{4D42E903-A5DA-9752-E798-892B6048398F}.Release|Any CPU.ActiveCfg = Release|Any CPU
		{4D42E903-A5DA-9752-E798-892B6048398F}.Release|Any CPU.Build.0 = Release|Any CPU
		{70624517-4CCC-DBC5-A583-7899EED0D4B5}.Debug|Any CPU.ActiveCfg = Debug|Any CPU
		{70624517-4CCC-DBC5-A583-7899EED0D4B5}.Debug|Any CPU.Build.0 = Debug|Any CPU
		{70624517-4CCC-DBC5-A583-7899EED0D4B5}.Release|Any CPU.ActiveCfg = Release|Any CPU
		{70624517-4CCC-DBC5-A583-7899EED0D4B5}.Release|Any CPU.Build.0 = Release|Any CPU
		{1BAC7A59-67D7-A683-0EA1-C47D8F6B8682}.Debug|Any CPU.ActiveCfg = Debug|Any CPU
		{1BAC7A59-67D7-A683-0EA1-C47D8F6B8682}.Debug|Any CPU.Build.0 = Debug|Any CPU
		{1BAC7A59-67D7-A683-0EA1-C47D8F6B8682}.Release|Any CPU.ActiveCfg = Release|Any CPU
		{1BAC7A59-67D7-A683-0EA1-C47D8F6B8682}.Release|Any CPU.Build.0 = Release|Any CPU
	EndGlobalSection
	GlobalSection(SolutionProperties) = preSolution
		HideSolutionNode = FALSE
	EndGlobalSection
EndGlobal
